schema: '2.0'
stages:
  data_ingestion:
    cmd: ./venv/bin/python -m src.data.data_injestion
    deps:
    - path: src/data/data_injestion.py
      hash: md5
      md5: 7c5a0fcf73bcbd431ace46c3a9d4394b
      size: 3324
    outs:
    - path: data/raw
      hash: md5
      md5: 2d3cc6375e5d359da285d0572f0b26cd.dir
      size: 26896
      nfiles: 2
  data_preprocessing:
    cmd: ./venv/bin/python -m src.data.data_preprocessing
    deps:
    - path: data/raw
      hash: md5
      md5: 2d3cc6375e5d359da285d0572f0b26cd.dir
      size: 26896
      nfiles: 2
    - path: src/data/data_preprocessing.py
      hash: md5
      md5: 5312bcd050145ddabe0825ae06d8ae95
      size: 3862
    outs:
    - path: data/interim
      hash: md5
      md5: 5c3bc458f9eb05c0a31fa1f6cc22f108.dir
      size: 30552
      nfiles: 2
